
Microsoft Visual Studio Solution File, Format Version 12.00
# Visual Studio 15
VisualStudioVersion = 15.0.27703.2000
MinimumVisualStudioVersion = 10.0.40219.1
Project("{FAE04EC0-301F-11D3-BF4B-00C04F79EFBC}") = "Find-and-replace-several-paragraphs", "Find-and-replace-several-paragraphs\Find-and-replace-several-paragraphs.csproj", "{141DEA2F-99C0-4A99-BDF8-DA65EA7AC77C}"
EndProject
Global
	GlobalSection(SolutionConfigurationPlatforms) = preSolution
		Debug|Any CPU = Debug|Any CPU
		Release|Any CPU = Release|Any CPU
	EndGlobalSection
	GlobalSection(ProjectConfigurationPlatforms) = postSolution
		{141DEA2F-99C0-4A99-BDF8-DA65EA7AC77C}.Debug|Any CPU.ActiveCfg = Debug|Any CPU
		{141DEA2F-99C0-4A99-BDF8-DA65EA7AC77C}.Debug|Any CPU.Build.0 = Debug|Any CPU
		{141DEA2F-99C0-4A99-BDF8-DA65EA7AC77C}.Release|Any CPU.ActiveCfg = Release|Any CPU
		{141DEA2F-99C0-4A99-BDF8-DA65EA7AC77C}.Release|Any CPU.Build.0 = Release|Any CPU
	EndGlobalSection
	GlobalSection(SolutionProperties) = preSolution
		HideSolutionNode = FALSE
	EndGlobalSection
	GlobalSection(ExtensibilityGlobals) = postSolution
		SolutionGuid = {EAAFB339-C64E-4B70-88E2-BACEB6706A22}
	EndGlobalSection
EndGlobal
