
Microsoft Visual Studio Solution File, Format Version 12.00
# Visual Studio 15
VisualStudioVersion = 15.0.27703.2000
MinimumVisualStudioVersion = 10.0.40219.1
Project("{FAE04EC0-301F-11D3-BF4B-00C04F79EFBC}") = "Replace-text-with-document", "Replace-text-with-document\Replace-text-with-document.csproj", "{080721FC-4F7C-4409-9750-7AC97CB53AA8}"
EndProject
Global
	GlobalSection(SolutionConfigurationPlatforms) = preSolution
		Debug|Any CPU = Debug|Any CPU
		Release|Any CPU = Release|Any CPU
	EndGlobalSection
	GlobalSection(ProjectConfigurationPlatforms) = postSolution
		{080721FC-4F7C-4409-9750-7AC97CB53AA8}.Debug|Any CPU.ActiveCfg = Debug|Any CPU
		{080721FC-4F7C-4409-9750-7AC97CB53AA8}.Debug|Any CPU.Build.0 = Debug|Any CPU
		{080721FC-4F7C-4409-9750-7AC97CB53AA8}.Release|Any CPU.ActiveCfg = Release|Any CPU
		{080721FC-4F7C-4409-9750-7AC97CB53AA8}.Release|Any CPU.Build.0 = Release|Any CPU
	EndGlobalSection
	GlobalSection(SolutionProperties) = preSolution
		HideSolutionNode = FALSE
	EndGlobalSection
	GlobalSection(ExtensibilityGlobals) = postSolution
		SolutionGuid = {55701B0C-BFC5-49E4-824C-9316C67AFF96}
	EndGlobalSection
EndGlobal
